// !$*UTF8*$!
{
	archiveVersion = 1;
	classes = {
	};
	objectVersion = 56;
	objects = {

/* Begin PBXBuildFile section */
		131250242C336E9600D7D9C8 /* shieldPowerDown.mp3 in Resources */ = {isa = PBXBuildFile; fileRef = 131250232C336E9600D7D9C8 /* shieldPowerDown.mp3 */; };
		131250262C33719300D7D9C8 /* healthGainSoundEffect.mp3 in Resources */ = {isa = PBXBuildFile; fileRef = 131250252C33719300D7D9C8 /* healthGainSoundEffect.mp3 */; };
		131250282C36BDD200D7D9C8 /* shieldPowerUp.mp3 in Resources */ = {isa = PBXBuildFile; fileRef = 131250272C36BDD100D7D9C8 /* shieldPowerUp.mp3 */; };
		132A1F872BF2DFE1003897A0 /* explosionSoundEffect.mp3 in Resources */ = {isa = PBXBuildFile; fileRef = 132A1F862BF2DFE1003897A0 /* explosionSoundEffect.mp3 */; };
		132A1F8D2BF6639A003897A0 /* GameOverScene.swift in Sources */ = {isa = PBXBuildFile; fileRef = 132A1F8C2BF6639A003897A0 /* GameOverScene.swift */; };
		132A1F902BF68A87003897A0 /* MainMenuScene.swift in Sources */ = {isa = PBXBuildFile; fileRef = 132A1F8F2BF68A87003897A0 /* MainMenuScene.swift */; };
		132A1F922BF6915F003897A0 /* the-art-of-synths(space song3).mp3 in Resources */ = {isa = PBXBuildFile; fileRef = 132A1F912BF6915F003897A0 /* the-art-of-synths(space song3).mp3 */; };
		136D590F2BFCF30C00986482 /* bulletSparkSoundEffect.mp3 in Resources */ = {isa = PBXBuildFile; fileRef = 136D590E2BFCF30C00986482 /* bulletSparkSoundEffect.mp3 */; };
		13F600A92BF2B5AD00DFD7D3 /* AppDelegate.swift in Sources */ = {isa = PBXBuildFile; fileRef = 13F600A82BF2B5AD00DFD7D3 /* AppDelegate.swift */; };
		13F600AB2BF2B5AD00DFD7D3 /* GameScene.sks in Resources */ = {isa = PBXBuildFile; fileRef = 13F600AA2BF2B5AD00DFD7D3 /* GameScene.sks */; };
		13F600AD2BF2B5AD00DFD7D3 /* Actions.sks in Resources */ = {isa = PBXBuildFile; fileRef = 13F600AC2BF2B5AD00DFD7D3 /* Actions.sks */; };
		13F600AF2BF2B5AD00DFD7D3 /* GameScene.swift in Sources */ = {isa = PBXBuildFile; fileRef = 13F600AE2BF2B5AD00DFD7D3 /* GameScene.swift */; };
		13F600B12BF2B5AD00DFD7D3 /* GameViewController.swift in Sources */ = {isa = PBXBuildFile; fileRef = 13F600B02BF2B5AD00DFD7D3 /* GameViewController.swift */; };
		13F600B42BF2B5AD00DFD7D3 /* Base in Resources */ = {isa = PBXBuildFile; fileRef = 13F600B32BF2B5AD00DFD7D3 /* Base */; };
		13F600B62BF2B5AF00DFD7D3 /* Assets.xcassets in Resources */ = {isa = PBXBuildFile; fileRef = 13F600B52BF2B5AF00DFD7D3 /* Assets.xcassets */; };
		13F600B92BF2B5AF00DFD7D3 /* Base in Resources */ = {isa = PBXBuildFile; fileRef = 13F600B82BF2B5AF00DFD7D3 /* Base */; };
		13F600C32BF2B5AF00DFD7D3 /* Solo_MissionTests.swift in Sources */ = {isa = PBXBuildFile; fileRef = 13F600C22BF2B5AF00DFD7D3 /* Solo_MissionTests.swift */; };
		13F600CD2BF2B5AF00DFD7D3 /* Solo_MissionUITests.swift in Sources */ = {isa = PBXBuildFile; fileRef = 13F600CC2BF2B5AF00DFD7D3 /* Solo_MissionUITests.swift */; };
		13F600CF2BF2B5AF00DFD7D3 /* Solo_MissionUITestsLaunchTests.swift in Sources */ = {isa = PBXBuildFile; fileRef = 13F600CE2BF2B5AF00DFD7D3 /* Solo_MissionUITestsLaunchTests.swift */; };
		13F600DF2BF2C8C600DFD7D3 /* laserBulletSoundEffect.mp3 in Resources */ = {isa = PBXBuildFile; fileRef = 13F600DE2BF2C8C600DFD7D3 /* laserBulletSoundEffect.mp3 */; };
/* End PBXBuildFile section */

/* Begin PBXContainerItemProxy section */
		13F600BF2BF2B5AF00DFD7D3 /* PBXContainerItemProxy */ = {
			isa = PBXContainerItemProxy;
			containerPortal = 13F6009D2BF2B5AD00DFD7D3 /* Project object */;
			proxyType = 1;
			remoteGlobalIDString = 13F600A42BF2B5AD00DFD7D3;
			remoteInfo = "Solo Mission";
		};
		13F600C92BF2B5AF00DFD7D3 /* PBXContainerItemProxy */ = {
			isa = PBXContainerItemProxy;
			containerPortal = 13F6009D2BF2B5AD00DFD7D3 /* Project object */;
			proxyType = 1;
			remoteGlobalIDString = 13F600A42BF2B5AD00DFD7D3;
			remoteInfo = "Solo Mission";
		};
/* End PBXContainerItemProxy section */

/* Begin PBXFileReference section */
		131250232C336E9600D7D9C8 /* shieldPowerDown.mp3 */ = {isa = PBXFileReference; lastKnownFileType = audio.mp3; path = shieldPowerDown.mp3; sourceTree = "<group>"; };
		131250252C33719300D7D9C8 /* healthGainSoundEffect.mp3 */ = {isa = PBXFileReference; lastKnownFileType = audio.mp3; path = healthGainSoundEffect.mp3; sourceTree = "<group>"; };
		131250272C36BDD100D7D9C8 /* shieldPowerUp.mp3 */ = {isa = PBXFileReference; lastKnownFileType = audio.mp3; name = shieldPowerUp.mp3; path = "../../Game Dev Items/shieldPowerUp.mp3"; sourceTree = "<group>"; };
		132A1F862BF2DFE1003897A0 /* explosionSoundEffect.mp3 */ = {isa = PBXFileReference; lastKnownFileType = audio.mp3; path = explosionSoundEffect.mp3; sourceTree = "<group>"; };
		132A1F8A2BF651C0003897A0 /* Solo-Mission-Info.plist */ = {isa = PBXFileReference; lastKnownFileType = text.plist; path = "Solo-Mission-Info.plist"; sourceTree = SOURCE_ROOT; };
		132A1F8C2BF6639A003897A0 /* GameOverScene.swift */ = {isa = PBXFileReference; lastKnownFileType = sourcecode.swift; path = GameOverScene.swift; sourceTree = "<group>"; };
		132A1F8E2BF686EB003897A0 /* theBoldFont.ttf */ = {isa = PBXFileReference; lastKnownFileType = file; path = theBoldFont.ttf; sourceTree = "<group>"; };
		132A1F8F2BF68A87003897A0 /* MainMenuScene.swift */ = {isa = PBXFileReference; lastKnownFileType = sourcecode.swift; path = MainMenuScene.swift; sourceTree = "<group>"; };
		132A1F912BF6915F003897A0 /* the-art-of-synths(space song3).mp3 */ = {isa = PBXFileReference; lastKnownFileType = audio.mp3; path = "the-art-of-synths(space song3).mp3"; sourceTree = "<group>"; };
		136D590E2BFCF30C00986482 /* bulletSparkSoundEffect.mp3 */ = {isa = PBXFileReference; lastKnownFileType = audio.mp3; name = bulletSparkSoundEffect.mp3; path = "../../Game Dev Items/bulletSparkSoundEffect.mp3"; sourceTree = "<group>"; };
		13F600A52BF2B5AD00DFD7D3 /* Solo Mission.app */ = {isa = PBXFileReference; explicitFileType = wrapper.application; includeInIndex = 0; path = "Solo Mission.app"; sourceTree = BUILT_PRODUCTS_DIR; };
		13F600A82BF2B5AD00DFD7D3 /* AppDelegate.swift */ = {isa = PBXFileReference; lastKnownFileType = sourcecode.swift; path = AppDelegate.swift; sourceTree = "<group>"; };
		13F600AA2BF2B5AD00DFD7D3 /* GameScene.sks */ = {isa = PBXFileReference; lastKnownFileType = file.sks; path = GameScene.sks; sourceTree = "<group>"; };
		13F600AC2BF2B5AD00DFD7D3 /* Actions.sks */ = {isa = PBXFileReference; lastKnownFileType = file.sks; path = Actions.sks; sourceTree = "<group>"; };
		13F600AE2BF2B5AD00DFD7D3 /* GameScene.swift */ = {isa = PBXFileReference; lastKnownFileType = sourcecode.swift; path = GameScene.swift; sourceTree = "<group>"; };
		13F600B02BF2B5AD00DFD7D3 /* GameViewController.swift */ = {isa = PBXFileReference; lastKnownFileType = sourcecode.swift; path = GameViewController.swift; sourceTree = "<group>"; };
		13F600B32BF2B5AD00DFD7D3 /* Base */ = {isa = PBXFileReference; lastKnownFileType = file.storyboard; name = Base; path = Base.lproj/Main.storyboard; sourceTree = "<group>"; };
		13F600B52BF2B5AF00DFD7D3 /* Assets.xcassets */ = {isa = PBXFileReference; lastKnownFileType = folder.assetcatalog; path = Assets.xcassets; sourceTree = "<group>"; };
		13F600B82BF2B5AF00DFD7D3 /* Base */ = {isa = PBXFileReference; lastKnownFileType = file.storyboard; name = Base; path = Base.lproj/LaunchScreen.storyboard; sourceTree = "<group>"; };
		13F600BE2BF2B5AF00DFD7D3 /* Solo MissionTests.xctest */ = {isa = PBXFileReference; explicitFileType = wrapper.cfbundle; includeInIndex = 0; path = "Solo MissionTests.xctest"; sourceTree = BUILT_PRODUCTS_DIR; };
		13F600C22BF2B5AF00DFD7D3 /* Solo_MissionTests.swift */ = {isa = PBXFileReference; lastKnownFileType = sourcecode.swift; path = Solo_MissionTests.swift; sourceTree = "<group>"; };
		13F600C82BF2B5AF00DFD7D3 /* Solo MissionUITests.xctest */ = {isa = PBXFileReference; explicitFileType = wrapper.cfbundle; includeInIndex = 0; path = "Solo MissionUITests.xctest"; sourceTree = BUILT_PRODUCTS_DIR; };
		13F600CC2BF2B5AF00DFD7D3 /* Solo_MissionUITests.swift */ = {isa = PBXFileReference; lastKnownFileType = sourcecode.swift; path = Solo_MissionUITests.swift; sourceTree = "<group>"; };
		13F600CE2BF2B5AF00DFD7D3 /* Solo_MissionUITestsLaunchTests.swift */ = {isa = PBXFileReference; lastKnownFileType = sourcecode.swift; path = Solo_MissionUITestsLaunchTests.swift; sourceTree = "<group>"; };
		13F600DE2BF2C8C600DFD7D3 /* laserBulletSoundEffect.mp3 */ = {isa = PBXFileReference; lastKnownFileType = audio.mp3; path = laserBulletSoundEffect.mp3; sourceTree = "<group>"; };
/* End PBXFileReference section */

/* Begin PBXFrameworksBuildPhase section */
		13F600A22BF2B5AD00DFD7D3 /* Frameworks */ = {
			isa = PBXFrameworksBuildPhase;
			buildActionMask = 2147483647;
			files = (
			);
			runOnlyForDeploymentPostprocessing = 0;
		};
		13F600BB2BF2B5AF00DFD7D3 /* Frameworks */ = {
			isa = PBXFrameworksBuildPhase;
			buildActionMask = 2147483647;
			files = (
			);
			runOnlyForDeploymentPostprocessing = 0;
		};
		13F600C52BF2B5AF00DFD7D3 /* Frameworks */ = {
			isa = PBXFrameworksBuildPhase;
			buildActionMask = 2147483647;
			files = (
			);
			runOnlyForDeploymentPostprocessing = 0;
		};
/* End PBXFrameworksBuildPhase section */

/* Begin PBXGroup section */
		13F6009C2BF2B5AD00DFD7D3 = {
			isa = PBXGroup;
			children = (
				13F600A72BF2B5AD00DFD7D3 /* Solo Mission */,
				13F600C12BF2B5AF00DFD7D3 /* Solo MissionTests */,
				13F600CB2BF2B5AF00DFD7D3 /* Solo MissionUITests */,
				13F600A62BF2B5AD00DFD7D3 /* Products */,
			);
			sourceTree = "<group>";
		};
		13F600A62BF2B5AD00DFD7D3 /* Products */ = {
			isa = PBXGroup;
			children = (
				13F600A52BF2B5AD00DFD7D3 /* Solo Mission.app */,
				13F600BE2BF2B5AF00DFD7D3 /* Solo MissionTests.xctest */,
				13F600C82BF2B5AF00DFD7D3 /* Solo MissionUITests.xctest */,
			);
			name = Products;
			sourceTree = "<group>";
		};
		13F600A72BF2B5AD00DFD7D3 /* Solo Mission */ = {
			isa = PBXGroup;
			children = (
				132A1F8A2BF651C0003897A0 /* Solo-Mission-Info.plist */,
				13F600A82BF2B5AD00DFD7D3 /* AppDelegate.swift */,
				13F600AA2BF2B5AD00DFD7D3 /* GameScene.sks */,
				13F600AC2BF2B5AD00DFD7D3 /* Actions.sks */,
				13F600AE2BF2B5AD00DFD7D3 /* GameScene.swift */,
				132A1F8F2BF68A87003897A0 /* MainMenuScene.swift */,
				132A1F8C2BF6639A003897A0 /* GameOverScene.swift */,
				13F600B02BF2B5AD00DFD7D3 /* GameViewController.swift */,
				132A1F912BF6915F003897A0 /* the-art-of-synths(space song3).mp3 */,
				136D590E2BFCF30C00986482 /* bulletSparkSoundEffect.mp3 */,
				131250232C336E9600D7D9C8 /* shieldPowerDown.mp3 */,
				131250272C36BDD100D7D9C8 /* shieldPowerUp.mp3 */,
				13F600DE2BF2C8C600DFD7D3 /* laserBulletSoundEffect.mp3 */,
				131250252C33719300D7D9C8 /* healthGainSoundEffect.mp3 */,
				132A1F862BF2DFE1003897A0 /* explosionSoundEffect.mp3 */,
				132A1F8E2BF686EB003897A0 /* theBoldFont.ttf */,
				13F600B22BF2B5AD00DFD7D3 /* Main.storyboard */,
				13F600B52BF2B5AF00DFD7D3 /* Assets.xcassets */,
				13F600B72BF2B5AF00DFD7D3 /* LaunchScreen.storyboard */,
			);
			path = "Solo Mission";
			sourceTree = "<group>";
		};
		13F600C12BF2B5AF00DFD7D3 /* Solo MissionTests */ = {
			isa = PBXGroup;
			children = (
				13F600C22BF2B5AF00DFD7D3 /* Solo_MissionTests.swift */,
			);
			path = "Solo MissionTests";
			sourceTree = "<group>";
		};
		13F600CB2BF2B5AF00DFD7D3 /* Solo MissionUITests */ = {
			isa = PBXGroup;
			children = (
				13F600CC2BF2B5AF00DFD7D3 /* Solo_MissionUITests.swift */,
				13F600CE2BF2B5AF00DFD7D3 /* Solo_MissionUITestsLaunchTests.swift */,
			);
			path = "Solo MissionUITests";
			sourceTree = "<group>";
		};
/* End PBXGroup section */

/* Begin PBXNativeTarget section */
		13F600A42BF2B5AD00DFD7D3 /* Solo Mission */ = {
			isa = PBXNativeTarget;
			buildConfigurationList = 13F600D22BF2B5AF00DFD7D3 /* Build configuration list for PBXNativeTarget "Solo Mission" */;
			buildPhases = (
				13F600A12BF2B5AD00DFD7D3 /* Sources */,
				13F600A22BF2B5AD00DFD7D3 /* Frameworks */,
				13F600A32BF2B5AD00DFD7D3 /* Resources */,
			);
			buildRules = (
			);
			dependencies = (
			);
			name = "Solo Mission";
			productName = "Solo Mission";
			productReference = 13F600A52BF2B5AD00DFD7D3 /* Solo Mission.app */;
			productType = "com.apple.product-type.application";
		};
		13F600BD2BF2B5AF00DFD7D3 /* Solo MissionTests */ = {
			isa = PBXNativeTarget;
			buildConfigurationList = 13F600D52BF2B5AF00DFD7D3 /* Build configuration list for PBXNativeTarget "Solo MissionTests" */;
			buildPhases = (
				13F600BA2BF2B5AF00DFD7D3 /* Sources */,
				13F600BB2BF2B5AF00DFD7D3 /* Frameworks */,
				13F600BC2BF2B5AF00DFD7D3 /* Resources */,
			);
			buildRules = (
			);
			dependencies = (
				13F600C02BF2B5AF00DFD7D3 /* PBXTargetDependency */,
			);
			name = "Solo MissionTests";
			productName = "Solo MissionTests";
			productReference = 13F600BE2BF2B5AF00DFD7D3 /* Solo MissionTests.xctest */;
			productType = "com.apple.product-type.bundle.unit-test";
		};
		13F600C72BF2B5AF00DFD7D3 /* Solo MissionUITests */ = {
			isa = PBXNativeTarget;
			buildConfigurationList = 13F600D82BF2B5AF00DFD7D3 /* Build configuration list for PBXNativeTarget "Solo MissionUITests" */;
			buildPhases = (
				13F600C42BF2B5AF00DFD7D3 /* Sources */,
				13F600C52BF2B5AF00DFD7D3 /* Frameworks */,
				13F600C62BF2B5AF00DFD7D3 /* Resources */,
			);
			buildRules = (
			);
			dependencies = (
				13F600CA2BF2B5AF00DFD7D3 /* PBXTargetDependency */,
			);
			name = "Solo MissionUITests";
			productName = "Solo MissionUITests";
			productReference = 13F600C82BF2B5AF00DFD7D3 /* Solo MissionUITests.xctest */;
			productType = "com.apple.product-type.bundle.ui-testing";
		};
/* End PBXNativeTarget section */

/* Begin PBXProject section */
		13F6009D2BF2B5AD00DFD7D3 /* Project object */ = {
			isa = PBXProject;
			attributes = {
				BuildIndependentTargetsInParallel = 1;
				LastSwiftUpdateCheck = 1530;
				LastUpgradeCheck = 1530;
				TargetAttributes = {
					13F600A42BF2B5AD00DFD7D3 = {
						CreatedOnToolsVersion = 15.3;
					};
					13F600BD2BF2B5AF00DFD7D3 = {
						CreatedOnToolsVersion = 15.3;
						TestTargetID = 13F600A42BF2B5AD00DFD7D3;
					};
					13F600C72BF2B5AF00DFD7D3 = {
						CreatedOnToolsVersion = 15.3;
						TestTargetID = 13F600A42BF2B5AD00DFD7D3;
					};
				};
			};
			buildConfigurationList = 13F600A02BF2B5AD00DFD7D3 /* Build configuration list for PBXProject "Solo Mission" */;
			compatibilityVersion = "Xcode 14.0";
			developmentRegion = en;
			hasScannedForEncodings = 0;
			knownRegions = (
				en,
				Base,
			);
			mainGroup = 13F6009C2BF2B5AD00DFD7D3;
			productRefGroup = 13F600A62BF2B5AD00DFD7D3 /* Products */;
			projectDirPath = "";
			projectRoot = "";
			targets = (
				13F600A42BF2B5AD00DFD7D3 /* Solo Mission */,
				13F600BD2BF2B5AF00DFD7D3 /* Solo MissionTests */,
				13F600C72BF2B5AF00DFD7D3 /* Solo MissionUITests */,
			);
		};
/* End PBXProject section */

/* Begin PBXResourcesBuildPhase section */
		13F600A32BF2B5AD00DFD7D3 /* Resources */ = {
			isa = PBXResourcesBuildPhase;
			buildActionMask = 2147483647;
			files = (
				131250242C336E9600D7D9C8 /* shieldPowerDown.mp3 in Resources */,
				13F600AB2BF2B5AD00DFD7D3 /* GameScene.sks in Resources */,
				13F600DF2BF2C8C600DFD7D3 /* laserBulletSoundEffect.mp3 in Resources */,
				13F600B42BF2B5AD00DFD7D3 /* Base in Resources */,
				13F600B62BF2B5AF00DFD7D3 /* Assets.xcassets in Resources */,
				131250262C33719300D7D9C8 /* healthGainSoundEffect.mp3 in Resources */,
				131250282C36BDD200D7D9C8 /* shieldPowerUp.mp3 in Resources */,
				132A1F922BF6915F003897A0 /* the-art-of-synths(space song3).mp3 in Resources */,
				13F600AD2BF2B5AD00DFD7D3 /* Actions.sks in Resources */,
				136D590F2BFCF30C00986482 /* bulletSparkSoundEffect.mp3 in Resources */,
				13F600B92BF2B5AF00DFD7D3 /* Base in Resources */,
				132A1F872BF2DFE1003897A0 /* explosionSoundEffect.mp3 in Resources */,
			);
			runOnlyForDeploymentPostprocessing = 0;
		};
		13F600BC2BF2B5AF00DFD7D3 /* Resources */ = {
			isa = PBXResourcesBuildPhase;
			buildActionMask = 2147483647;
			files = (
			);
			runOnlyForDeploymentPostprocessing = 0;
		};
		13F600C62BF2B5AF00DFD7D3 /* Resources */ = {
			isa = PBXResourcesBuildPhase;
			buildActionMask = 2147483647;
			files = (
			);
			runOnlyForDeploymentPostprocessing = 0;
		};
/* End PBXResourcesBuildPhase section */

/* Begin PBXSourcesBuildPhase section */
		13F600A12BF2B5AD00DFD7D3 /* Sources */ = {
			isa = PBXSourcesBuildPhase;
			buildActionMask = 2147483647;
			files = (
				132A1F902BF68A87003897A0 /* MainMenuScene.swift in Sources */,
				13F600AF2BF2B5AD00DFD7D3 /* GameScene.swift in Sources */,
				13F600B12BF2B5AD00DFD7D3 /* GameViewController.swift in Sources */,
				132A1F8D2BF6639A003897A0 /* GameOverScene.swift in Sources */,
				13F600A92BF2B5AD00DFD7D3 /* AppDelegate.swift in Sources */,
			);
			runOnlyForDeploymentPostprocessing = 0;
		};
		13F600BA2BF2B5AF00DFD7D3 /* Sources */ = {
			isa = PBXSourcesBuildPhase;
			buildActionMask = 2147483647;
			files = (
				13F600C32BF2B5AF00DFD7D3 /* Solo_MissionTests.swift in Sources */,
			);
			runOnlyForDeploymentPostprocessing = 0;
		};
		13F600C42BF2B5AF00DFD7D3 /* Sources */ = {
			isa = PBXSourcesBuildPhase;
			buildActionMask = 2147483647;
			files = (
				13F600CF2BF2B5AF00DFD7D3 /* Solo_MissionUITestsLaunchTests.swift in Sources */,
				13F600CD2BF2B5AF00DFD7D3 /* Solo_MissionUITests.swift in Sources */,
			);
			runOnlyForDeploymentPostprocessing = 0;
		};
/* End PBXSourcesBuildPhase section */

/* Begin PBXTargetDependency section */
		13F600C02BF2B5AF00DFD7D3 /* PBXTargetDependency */ = {
			isa = PBXTargetDependency;
			target = 13F600A42BF2B5AD00DFD7D3 /* Solo Mission */;
			targetProxy = 13F600BF2BF2B5AF00DFD7D3 /* PBXContainerItemProxy */;
		};
		13F600CA2BF2B5AF00DFD7D3 /* PBXTargetDependency */ = {
			isa = PBXTargetDependency;
			target = 13F600A42BF2B5AD00DFD7D3 /* Solo Mission */;
			targetProxy = 13F600C92BF2B5AF00DFD7D3 /* PBXContainerItemProxy */;
		};
/* End PBXTargetDependency section */

/* Begin PBXVariantGroup section */
		13F600B22BF2B5AD00DFD7D3 /* Main.storyboard */ = {
			isa = PBXVariantGroup;
			children = (
				13F600B32BF2B5AD00DFD7D3 /* Base */,
			);
			name = Main.storyboard;
			sourceTree = "<group>";
		};
		13F600B72BF2B5AF00DFD7D3 /* LaunchScreen.storyboard */ = {
			isa = PBXVariantGroup;
			children = (
				13F600B82BF2B5AF00DFD7D3 /* Base */,
			);
			name = LaunchScreen.storyboard;
			sourceTree = "<group>";
		};
/* End PBXVariantGroup section */

/* Begin XCBuildConfiguration section */
		13F600D02BF2B5AF00DFD7D3 /* Debug */ = {
			isa = XCBuildConfiguration;
			buildSettings = {
				ALWAYS_SEARCH_USER_PATHS = NO;
				ASSETCATALOG_COMPILER_GENERATE_SWIFT_ASSET_SYMBOL_EXTENSIONS = YES;
				CLANG_ANALYZER_NONNULL = YES;
				CLANG_ANALYZER_NUMBER_OBJECT_CONVERSION = YES_AGGRESSIVE;
				CLANG_CXX_LANGUAGE_STANDARD = "gnu++20";
				CLANG_ENABLE_MODULES = YES;
				CLANG_ENABLE_OBJC_ARC = YES;
				CLANG_ENABLE_OBJC_WEAK = YES;
				CLANG_WARN_BLOCK_CAPTURE_AUTORELEASING = YES;
				CLANG_WARN_BOOL_CONVERSION = YES;
				CLANG_WARN_COMMA = YES;
				CLANG_WARN_CONSTANT_CONVERSION = YES;
				CLANG_WARN_DEPRECATED_OBJC_IMPLEMENTATIONS = YES;
				CLANG_WARN_DIRECT_OBJC_ISA_USAGE = YES_ERROR;
				CLANG_WARN_DOCUMENTATION_COMMENTS = YES;
				CLANG_WARN_EMPTY_BODY = YES;
				CLANG_WARN_ENUM_CONVERSION = YES;
				CLANG_WARN_INFINITE_RECURSION = YES;
				CLANG_WARN_INT_CONVERSION = YES;
				CLANG_WARN_NON_LITERAL_NULL_CONVERSION = YES;
				CLANG_WARN_OBJC_IMPLICIT_RETAIN_SELF = YES;
				CLANG_WARN_OBJC_LITERAL_CONVERSION = YES;
				CLANG_WARN_OBJC_ROOT_CLASS = YES_ERROR;
				CLANG_WARN_QUOTED_INCLUDE_IN_FRAMEWORK_HEADER = YES;
				CLANG_WARN_RANGE_LOOP_ANALYSIS = YES;
				CLANG_WARN_STRICT_PROTOTYPES = YES;
				CLANG_WARN_SUSPICIOUS_MOVE = YES;
				CLANG_WARN_UNGUARDED_AVAILABILITY = YES_AGGRESSIVE;
				CLANG_WARN_UNREACHABLE_CODE = YES;
				CLANG_WARN__DUPLICATE_METHOD_MATCH = YES;
				COPY_PHASE_STRIP = NO;
				DEBUG_INFORMATION_FORMAT = dwarf;
				ENABLE_STRICT_OBJC_MSGSEND = YES;
				ENABLE_TESTABILITY = YES;
				ENABLE_USER_SCRIPT_SANDBOXING = YES;
				GCC_C_LANGUAGE_STANDARD = gnu17;
				GCC_DYNAMIC_NO_PIC = NO;
				GCC_NO_COMMON_BLOCKS = YES;
				GCC_OPTIMIZATION_LEVEL = 0;
				GCC_PREPROCESSOR_DEFINITIONS = (
					"DEBUG=1",
					"$(inherited)",
				);
				GCC_WARN_64_TO_32_BIT_CONVERSION = YES;
				GCC_WARN_ABOUT_RETURN_TYPE = YES_ERROR;
				GCC_WARN_UNDECLARED_SELECTOR = YES;
				GCC_WARN_UNINITIALIZED_AUTOS = YES_AGGRESSIVE;
				GCC_WARN_UNUSED_FUNCTION = YES;
				GCC_WARN_UNUSED_VARIABLE = YES;
				IPHONEOS_DEPLOYMENT_TARGET = 17.4;
				LOCALIZATION_PREFERS_STRING_CATALOGS = YES;
				MTL_ENABLE_DEBUG_INFO = INCLUDE_SOURCE;
				MTL_FAST_MATH = YES;
				ONLY_ACTIVE_ARCH = YES;
				SDKROOT = iphoneos;
				SWIFT_ACTIVE_COMPILATION_CONDITIONS = "DEBUG $(inherited)";
				SWIFT_OPTIMIZATION_LEVEL = "-Onone";
			};
			name = Debug;
		};
		13F600D12BF2B5AF00DFD7D3 /* Release */ = {
			isa = XCBuildConfiguration;
			buildSettings = {
				ALWAYS_SEARCH_USER_PATHS = NO;
				ASSETCATALOG_COMPILER_GENERATE_SWIFT_ASSET_SYMBOL_EXTENSIONS = YES;
				CLANG_ANALYZER_NONNULL = YES;
				CLANG_ANALYZER_NUMBER_OBJECT_CONVERSION = YES_AGGRESSIVE;
				CLANG_CXX_LANGUAGE_STANDARD = "gnu++20";
				CLANG_ENABLE_MODULES = YES;
				CLANG_ENABLE_OBJC_ARC = YES;
				CLANG_ENABLE_OBJC_WEAK = YES;
				CLANG_WARN_BLOCK_CAPTURE_AUTORELEASING = YES;
				CLANG_WARN_BOOL_CONVERSION = YES;
				CLANG_WARN_COMMA = YES;
				CLANG_WARN_CONSTANT_CONVERSION = YES;
				CLANG_WARN_DEPRECATED_OBJC_IMPLEMENTATIONS = YES;
				CLANG_WARN_DIRECT_OBJC_ISA_USAGE = YES_ERROR;
				CLANG_WARN_DOCUMENTATION_COMMENTS = YES;
				CLANG_WARN_EMPTY_BODY = YES;
				CLANG_WARN_ENUM_CONVERSION = YES;
				CLANG_WARN_INFINITE_RECURSION = YES;
				CLANG_WARN_INT_CONVERSION = YES;
				CLANG_WARN_NON_LITERAL_NULL_CONVERSION = YES;
				CLANG_WARN_OBJC_IMPLICIT_RETAIN_SELF = YES;
				CLANG_WARN_OBJC_LITERAL_CONVERSION = YES;
				CLANG_WARN_OBJC_ROOT_CLASS = YES_ERROR;
				CLANG_WARN_QUOTED_INCLUDE_IN_FRAMEWORK_HEADER = YES;
				CLANG_WARN_RANGE_LOOP_ANALYSIS = YES;
				CLANG_WARN_STRICT_PROTOTYPES = YES;
				CLANG_WARN_SUSPICIOUS_MOVE = YES;
				CLANG_WARN_UNGUARDED_AVAILABILITY = YES_AGGRESSIVE;
				CLANG_WARN_UNREACHABLE_CODE = YES;
				CLANG_WARN__DUPLICATE_METHOD_MATCH = YES;
				COPY_PHASE_STRIP = NO;
				DEBUG_INFORMATION_FORMAT = "dwarf-with-dsym";
				ENABLE_NS_ASSERTIONS = NO;
				ENABLE_STRICT_OBJC_MSGSEND = YES;
				ENABLE_USER_SCRIPT_SANDBOXING = YES;
				GCC_C_LANGUAGE_STANDARD = gnu17;
				GCC_NO_COMMON_BLOCKS = YES;
				GCC_WARN_64_TO_32_BIT_CONVERSION = YES;
				GCC_WARN_ABOUT_RETURN_TYPE = YES_ERROR;
				GCC_WARN_UNDECLARED_SELECTOR = YES;
				GCC_WARN_UNINITIALIZED_AUTOS = YES_AGGRESSIVE;
				GCC_WARN_UNUSED_FUNCTION = YES;
				GCC_WARN_UNUSED_VARIABLE = YES;
				IPHONEOS_DEPLOYMENT_TARGET = 17.4;
				LOCALIZATION_PREFERS_STRING_CATALOGS = YES;
				MTL_ENABLE_DEBUG_INFO = NO;
				MTL_FAST_MATH = YES;
				SDKROOT = iphoneos;
				SWIFT_COMPILATION_MODE = wholemodule;
				VALIDATE_PRODUCT = YES;
			};
			name = Release;
		};
		13F600D32BF2B5AF00DFD7D3 /* Debug */ = {
			isa = XCBuildConfiguration;
			buildSettings = {
				ASSETCATALOG_COMPILER_APPICON_NAME = AppIcon;
				ASSETCATALOG_COMPILER_GLOBAL_ACCENT_COLOR_NAME = AccentColor;
				CODE_SIGN_STYLE = Automatic;
				CURRENT_PROJECT_VERSION = 1;
				DEVELOPMENT_TEAM = P8RUFAZP3R;
				GENERATE_INFOPLIST_FILE = YES;
				INFOPLIST_FILE = "Solo-Mission-Info.plist";
				INFOPLIST_KEY_LSApplicationCategoryType = "public.app-category.games";
				INFOPLIST_KEY_UIApplicationSupportsIndirectInputEvents = YES;
				INFOPLIST_KEY_UILaunchStoryboardName = LaunchScreen;
				INFOPLIST_KEY_UIMainStoryboardFile = Main;
				INFOPLIST_KEY_UIRequiresFullScreen = YES;
				INFOPLIST_KEY_UIStatusBarHidden = YES;
				INFOPLIST_KEY_UISupportedInterfaceOrientations = UIInterfaceOrientationPortrait;
				IPHONEOS_DEPLOYMENT_TARGET = 12.0;
				LD_RUNPATH_SEARCH_PATHS = (
					"$(inherited)",
					"@executable_path/Frameworks",
				);
				MARKETING_VERSION = 1.0;
				PRODUCT_BUNDLE_IDENTIFIER = "NikolozGvelesiani.Solo-Mission";
				PRODUCT_NAME = "$(TARGET_NAME)";
				SWIFT_EMIT_LOC_STRINGS = YES;
				SWIFT_VERSION = 5.0;
				TARGETED_DEVICE_FAMILY = "1,2";
			};
			name = Debug;
		};
		13F600D42BF2B5AF00DFD7D3 /* Release */ = {
			isa = XCBuildConfiguration;
			buildSettings = {
				ASSETCATALOG_COMPILER_APPICON_NAME = AppIcon;
				ASSETCATALOG_COMPILER_GLOBAL_ACCENT_COLOR_NAME = AccentColor;
				CODE_SIGN_STYLE = Automatic;
				CURRENT_PROJECT_VERSION = 1;
				DEVELOPMENT_TEAM = P8RUFAZP3R;
				GENERATE_INFOPLIST_FILE = YES;
				INFOPLIST_FILE = "Solo-Mission-Info.plist";
				INFOPLIST_KEY_LSApplicationCategoryType = "public.app-category.games";
				INFOPLIST_KEY_UIApplicationSupportsIndirectInputEvents = YES;
				INFOPLIST_KEY_UILaunchStoryboardName = LaunchScreen;
				INFOPLIST_KEY_UIMainStoryboardFile = Main;
				INFOPLIST_KEY_UIRequiresFullScreen = YES;
				INFOPLIST_KEY_UIStatusBarHidden = YES;
				INFOPLIST_KEY_UISupportedInterfaceOrientations = UIInterfaceOrientationPortrait;
				IPHONEOS_DEPLOYMENT_TARGET = 12.0;
				LD_RUNPATH_SEARCH_PATHS = (
					"$(inherited)",
					"@executable_path/Frameworks",
				);
				MARKETING_VERSION = 1.0;
				PRODUCT_BUNDLE_IDENTIFIER = "NikolozGvelesiani.Solo-Mission";
				PRODUCT_NAME = "$(TARGET_NAME)";
				SWIFT_EMIT_LOC_STRINGS = YES;
				SWIFT_VERSION = 5.0;
				TARGETED_DEVICE_FAMILY = "1,2";
			};
			name = Release;
		};
		13F600D62BF2B5AF00DFD7D3 /* Debug */ = {
			isa = XCBuildConfiguration;
			buildSettings = {
				ALWAYS_EMBED_SWIFT_STANDARD_LIBRARIES = YES;
				BUNDLE_LOADER = "$(TEST_HOST)";
				CODE_SIGN_STYLE = Automatic;
				CURRENT_PROJECT_VERSION = 1;
				DEVELOPMENT_TEAM = P8RUFAZP3R;
				GENERATE_INFOPLIST_FILE = YES;
				IPHONEOS_DEPLOYMENT_TARGET = 17.4;
				MARKETING_VERSION = 1.0;
				PRODUCT_BUNDLE_IDENTIFIER = "NikolozGvelesiani.Solo-MissionTests";
				PRODUCT_NAME = "$(TARGET_NAME)";
				SWIFT_EMIT_LOC_STRINGS = NO;
				SWIFT_VERSION = 5.0;
				TARGETED_DEVICE_FAMILY = "1,2";
				TEST_HOST = "$(BUILT_PRODUCTS_DIR)/Solo Mission.app/$(BUNDLE_EXECUTABLE_FOLDER_PATH)/Solo Mission";
			};
			name = Debug;
		};
		13F600D72BF2B5AF00DFD7D3 /* Release */ = {
			isa = XCBuildConfiguration;
			buildSettings = {
				ALWAYS_EMBED_SWIFT_STANDARD_LIBRARIES = YES;
				BUNDLE_LOADER = "$(TEST_HOST)";
				CODE_SIGN_STYLE = Automatic;
				CURRENT_PROJECT_VERSION = 1;
				DEVELOPMENT_TEAM = P8RUFAZP3R;
				GENERATE_INFOPLIST_FILE = YES;
				IPHONEOS_DEPLOYMENT_TARGET = 17.4;
				MARKETING_VERSION = 1.0;
				PRODUCT_BUNDLE_IDENTIFIER = "NikolozGvelesiani.Solo-MissionTests";
				PRODUCT_NAME = "$(TARGET_NAME)";
				SWIFT_EMIT_LOC_STRINGS = NO;
				SWIFT_VERSION = 5.0;
				TARGETED_DEVICE_FAMILY = "1,2";
				TEST_HOST = "$(BUILT_PRODUCTS_DIR)/Solo Mission.app/$(BUNDLE_EXECUTABLE_FOLDER_PATH)/Solo Mission";
			};
			name = Release;
		};
		13F600D92BF2B5AF00DFD7D3 /* Debug */ = {
			isa = XCBuildConfiguration;
			buildSettings = {
				ALWAYS_EMBED_SWIFT_STANDARD_LIBRARIES = YES;
				CODE_SIGN_STYLE = Automatic;
				CURRENT_PROJECT_VERSION = 1;
				DEVELOPMENT_TEAM = P8RUFAZP3R;
				GENERATE_INFOPLIST_FILE = YES;
				MARKETING_VERSION = 1.0;
				PRODUCT_BUNDLE_IDENTIFIER = "NikolozGvelesiani.Solo-MissionUITests";
				PRODUCT_NAME = "$(TARGET_NAME)";
				SWIFT_EMIT_LOC_STRINGS = NO;
				SWIFT_VERSION = 5.0;
				TARGETED_DEVICE_FAMILY = "1,2";
				TEST_TARGET_NAME = "Solo Mission";
			};
			name = Debug;
		};
		13F600DA2BF2B5AF00DFD7D3 /* Release */ = {
			isa = XCBuildConfiguration;
			buildSettings = {
				ALWAYS_EMBED_SWIFT_STANDARD_LIBRARIES = YES;
				CODE_SIGN_STYLE = Automatic;
				CURRENT_PROJECT_VERSION = 1;
				DEVELOPMENT_TEAM = P8RUFAZP3R;
				GENERATE_INFOPLIST_FILE = YES;
				MARKETING_VERSION = 1.0;
				PRODUCT_BUNDLE_IDENTIFIER = "NikolozGvelesiani.Solo-MissionUITests";
				PRODUCT_NAME = "$(TARGET_NAME)";
				SWIFT_EMIT_LOC_STRINGS = NO;
				SWIFT_VERSION = 5.0;
				TARGETED_DEVICE_FAMILY = "1,2";
				TEST_TARGET_NAME = "Solo Mission";
			};
			name = Release;
		};
/* End XCBuildConfiguration section */

/* Begin XCConfigurationList section */
		13F600A02BF2B5AD00DFD7D3 /* Build configuration list for PBXProject "Solo Mission" */ = {
			isa = XCConfigurationList;
			buildConfigurations = (
				13F600D02BF2B5AF00DFD7D3 /* Debug */,
				13F600D12BF2B5AF00DFD7D3 /* Release */,
			);
			defaultConfigurationIsVisible = 0;
			defaultConfigurationName = Release;
		};
		13F600D22BF2B5AF00DFD7D3 /* Build configuration list for PBXNativeTarget "Solo Mission" */ = {
			isa = XCConfigurationList;
			buildConfigurations = (
				13F600D32BF2B5AF00DFD7D3 /* Debug */,
				13F600D42BF2B5AF00DFD7D3 /* Release */,
			);
			defaultConfigurationIsVisible = 0;
			defaultConfigurationName = Release;
		};
		13F600D52BF2B5AF00DFD7D3 /* Build configuration list for PBXNativeTarget "Solo MissionTests" */ = {
			isa = XCConfigurationList;
			buildConfigurations = (
				13F600D62BF2B5AF00DFD7D3 /* Debug */,
				13F600D72BF2B5AF00DFD7D3 /* Release */,
			);
			defaultConfigurationIsVisible = 0;
			defaultConfigurationName = Release;
		};
		13F600D82BF2B5AF00DFD7D3 /* Build configuration list for PBXNativeTarget "Solo MissionUITests" */ = {
			isa = XCConfigurationList;
			buildConfigurations = (
				13F600D92BF2B5AF00DFD7D3 /* Debug */,
				13F600DA2BF2B5AF00DFD7D3 /* Release */,
			);
			defaultConfigurationIsVisible = 0;
			defaultConfigurationName = Release;
		};
/* End XCConfigurationList section */
	};
	rootObject = 13F6009D2BF2B5AD00DFD7D3 /* Project object */;
}
